
Microsoft Visual Studio Solution File, Format Version 12.00
# Visual Studio Version 16
VisualStudioVersion = 16.0.31624.102
MinimumVisualStudioVersion = 10.0.40219.1
Project("{FAE04EC0-301F-11D3-BF4B-00C04F79EFBC}") = "Algorithms", "Algorithms\Algorithms.csproj", "{8F61E1C9-296C-4202-9C62-F015DAA1FD75}"
EndProject
Project("{FAE04EC0-301F-11D3-BF4B-00C04F79EFBC}") = "Algorithms Tests", "Algorithms Tests\Algorithms Tests.csproj", "{5D90F4E2-5558-4AAF-AE12-D6DC364E896B}"
EndProject
Global
	GlobalSection(SolutionConfigurationPlatforms) = preSolution
		Debug|Any CPU = Debug|Any CPU
		Release|Any CPU = Release|Any CPU
	EndGlobalSection
	GlobalSection(ProjectConfigurationPlatforms) = postSolution
		{8F61E1C9-296C-4202-9C62-F015DAA1FD75}.Debug|Any CPU.ActiveCfg = Debug|Any CPU
		{8F61E1C9-296C-4202-9C62-F015DAA1FD75}.Debug|Any CPU.Build.0 = Debug|Any CPU
		{8F61E1C9-296C-4202-9C62-F015DAA1FD75}.Release|Any CPU.ActiveCfg = Release|Any CPU
		{8F61E1C9-296C-4202-9C62-F015DAA1FD75}.Release|Any CPU.Build.0 = Release|Any CPU
		{5D90F4E2-5558-4AAF-AE12-D6DC364E896B}.Debug|Any CPU.ActiveCfg = Debug|Any CPU
		{5D90F4E2-5558-4AAF-AE12-D6DC364E896B}.Debug|Any CPU.Build.0 = Debug|Any CPU
		{5D90F4E2-5558-4AAF-AE12-D6DC364E896B}.Release|Any CPU.ActiveCfg = Release|Any CPU
		{5D90F4E2-5558-4AAF-AE12-D6DC364E896B}.Release|Any CPU.Build.0 = Release|Any CPU
	EndGlobalSection
	GlobalSection(SolutionProperties) = preSolution
		HideSolutionNode = FALSE
	EndGlobalSection
	GlobalSection(ExtensibilityGlobals) = postSolution
		SolutionGuid = {64C89EDF-F251-4186-B1DC-1978CE2BBC55}
	EndGlobalSection
EndGlobal
